
Microsoft Visual Studio Solution File, Format Version 12.00
# Visual Studio Version 16
VisualStudioVersion = 16.0.31321.278
MinimumVisualStudioVersion = 10.0.40219.1
Project("{8BC9CEB8-8B4A-11D0-8D11-00A0C91BC942}") = "SFML_Pong", "SFML_Pong\SFML_Pong.vcxproj", "{10294F27-5A7F-49F4-A404-9DFA959D8761}"
EndProject
Global
	GlobalSection(SolutionConfigurationPlatforms) = preSolution
		Debug|x64 = Debug|x64
		Debug|x86 = Debug|x86
		Release|x64 = Release|x64
		Release|x86 = Release|x86
	EndGlobalSection
	GlobalSection(ProjectConfigurationPlatforms) = postSolution
		{10294F27-5A7F-49F4-A404-9DFA959D8761}.Debug|x64.ActiveCfg = Debug|x64
		{10294F27-5A7F-49F4-A404-9DFA959D8761}.Debug|x64.Build.0 = Debug|x64
		{10294F27-5A7F-49F4-A404-9DFA959D8761}.Debug|x86.ActiveCfg = Debug|Win32
		{10294F27-5A7F-49F4-A404-9DFA959D8761}.Debug|x86.Build.0 = Debug|Win32
		{10294F27-5A7F-49F4-A404-9DFA959D8761}.Release|x64.ActiveCfg = Release|x64
		{10294F27-5A7F-49F4-A404-9DFA959D8761}.Release|x64.Build.0 = Release|x64
		{10294F27-5A7F-49F4-A404-9DFA959D8761}.Release|x86.ActiveCfg = Release|Win32
		{10294F27-5A7F-49F4-A404-9DFA959D8761}.Release|x86.Build.0 = Release|Win32
	EndGlobalSection
	GlobalSection(SolutionProperties) = preSolution
		HideSolutionNode = FALSE
	EndGlobalSection
	GlobalSection(ExtensibilityGlobals) = postSolution
		SolutionGuid = {295F37D3-DDAB-4A8E-829A-83ED156AC98B}
	EndGlobalSection
EndGlobal
